// !$*UTF8*$!
{
	archiveVersion = 1;
	classes = {
	};
	objectVersion = 46;
	objects = {

/* Begin PBXBuildFile section */
		9AA16EA7142B4F6D002C9F27 /* QuartzCore.framework in Frameworks */ = {isa = PBXBuildFile; fileRef = 9AA16EA6142B4F6D002C9F27 /* QuartzCore.framework */; };
		9AB5928C142783FD000A391C /* Cocoa.framework in Frameworks */ = {isa = PBXBuildFile; fileRef = 9AB5928B142783FD000A391C /* Cocoa.framework */; };
		9AB59296142783FD000A391C /* InfoPlist.strings in Resources */ = {isa = PBXBuildFile; fileRef = 9AB59294142783FD000A391C /* InfoPlist.strings */; };
		9AB59298142783FD000A391C /* main.m in Sources */ = {isa = PBXBuildFile; fileRef = 9AB59297142783FD000A391C /* main.m */; };
		9AB5929C142783FD000A391C /* Credits.rtf in Resources */ = {isa = PBXBuildFile; fileRef = 9AB5929A142783FD000A391C /* Credits.rtf */; };
		9AB5929F142783FD000A391C /* StrategicalAppDelegate.m in Sources */ = {isa = PBXBuildFile; fileRef = 9AB5929E142783FD000A391C /* StrategicalAppDelegate.m */; };
		9AB592A2142783FE000A391C /* MainMenu.xib in Resources */ = {isa = PBXBuildFile; fileRef = 9AB592A0142783FE000A391C /* MainMenu.xib */; };
		9AB592AA142783FE000A391C /* SenTestingKit.framework in Frameworks */ = {isa = PBXBuildFile; fileRef = 9AB592A9142783FE000A391C /* SenTestingKit.framework */; };
		9AB592AB142783FE000A391C /* Cocoa.framework in Frameworks */ = {isa = PBXBuildFile; fileRef = 9AB5928B142783FD000A391C /* Cocoa.framework */; };
		9AB592B3142783FE000A391C /* InfoPlist.strings in Resources */ = {isa = PBXBuildFile; fileRef = 9AB592B1142783FE000A391C /* InfoPlist.strings */; };
		9AB592B5142783FE000A391C /* StrategicalTests.h in Resources */ = {isa = PBXBuildFile; fileRef = 9AB592B4142783FE000A391C /* StrategicalTests.h */; };
		9AB592B7142783FE000A391C /* StrategicalTests.m in Sources */ = {isa = PBXBuildFile; fileRef = 9AB592B6142783FE000A391C /* StrategicalTests.m */; };
		9AB592C2142785BC000A391C /* CalendarView.m in Sources */ = {isa = PBXBuildFile; fileRef = 9AB592C1142785BC000A391C /* CalendarView.m */; };
/* End PBXBuildFile section */

/* Begin PBXContainerItemProxy section */
		9AB592AC142783FE000A391C /* PBXContainerItemProxy */ = {
			isa = PBXContainerItemProxy;
			containerPortal = 9AB5927E142783FD000A391C /* Project object */;
			proxyType = 1;
			remoteGlobalIDString = 9AB59286142783FD000A391C;
			remoteInfo = Strategical;
		};
/* End PBXContainerItemProxy section */

/* Begin PBXFileReference section */
		9AA16EA6142B4F6D002C9F27 /* QuartzCore.framework */ = {isa = PBXFileReference; lastKnownFileType = wrapper.framework; name = QuartzCore.framework; path = System/Library/Frameworks/QuartzCore.framework; sourceTree = SDKROOT; };
		9AA16EA8142B53AE002C9F27 /* CGSPrivate.h */ = {isa = PBXFileReference; fileEncoding = 4; lastKnownFileType = sourcecode.c.h; path = CGSPrivate.h; sourceTree = "<group>"; };
		9AB59287142783FD000A391C /* Strategical.app */ = {isa = PBXFileReference; explicitFileType = wrapper.application; includeInIndex = 0; path = Strategical.app; sourceTree = BUILT_PRODUCTS_DIR; };
		9AB5928B142783FD000A391C /* Cocoa.framework */ = {isa = PBXFileReference; lastKnownFileType = wrapper.framework; name = Cocoa.framework; path = System/Library/Frameworks/Cocoa.framework; sourceTree = SDKROOT; };
		9AB5928E142783FD000A391C /* AppKit.framework */ = {isa = PBXFileReference; lastKnownFileType = wrapper.framework; name = AppKit.framework; path = System/Library/Frameworks/AppKit.framework; sourceTree = SDKROOT; };
		9AB5928F142783FD000A391C /* CoreData.framework */ = {isa = PBXFileReference; lastKnownFileType = wrapper.framework; name = CoreData.framework; path = System/Library/Frameworks/CoreData.framework; sourceTree = SDKROOT; };
		9AB59290142783FD000A391C /* Foundation.framework */ = {isa = PBXFileReference; lastKnownFileType = wrapper.framework; name = Foundation.framework; path = System/Library/Frameworks/Foundation.framework; sourceTree = SDKROOT; };
		9AB59293142783FD000A391C /* Strategical-Info.plist */ = {isa = PBXFileReference; lastKnownFileType = text.plist.xml; path = "Strategical-Info.plist"; sourceTree = "<group>"; };
		9AB59295142783FD000A391C /* en */ = {isa = PBXFileReference; lastKnownFileType = text.plist.strings; name = en; path = en.lproj/InfoPlist.strings; sourceTree = "<group>"; };
		9AB59297142783FD000A391C /* main.m */ = {isa = PBXFileReference; lastKnownFileType = sourcecode.c.objc; path = main.m; sourceTree = "<group>"; };
		9AB59299142783FD000A391C /* Strategical-Prefix.pch */ = {isa = PBXFileReference; lastKnownFileType = sourcecode.c.h; path = "Strategical-Prefix.pch"; sourceTree = "<group>"; };
		9AB5929B142783FD000A391C /* en */ = {isa = PBXFileReference; lastKnownFileType = text.rtf; name = en; path = en.lproj/Credits.rtf; sourceTree = "<group>"; };
		9AB5929D142783FD000A391C /* StrategicalAppDelegate.h */ = {isa = PBXFileReference; lastKnownFileType = sourcecode.c.h; path = StrategicalAppDelegate.h; sourceTree = "<group>"; };
		9AB5929E142783FD000A391C /* StrategicalAppDelegate.m */ = {isa = PBXFileReference; lastKnownFileType = sourcecode.c.objc; path = StrategicalAppDelegate.m; sourceTree = "<group>"; };
		9AB592A1142783FE000A391C /* en */ = {isa = PBXFileReference; lastKnownFileType = file.xib; name = en; path = en.lproj/MainMenu.xib; sourceTree = "<group>"; };
		9AB592A8142783FE000A391C /* StrategicalTests.octest */ = {isa = PBXFileReference; explicitFileType = wrapper.cfbundle; includeInIndex = 0; path = StrategicalTests.octest; sourceTree = BUILT_PRODUCTS_DIR; };
		9AB592A9142783FE000A391C /* SenTestingKit.framework */ = {isa = PBXFileReference; lastKnownFileType = wrapper.framework; name = SenTestingKit.framework; path = Library/Frameworks/SenTestingKit.framework; sourceTree = DEVELOPER_DIR; };
		9AB592B0142783FE000A391C /* StrategicalTests-Info.plist */ = {isa = PBXFileReference; lastKnownFileType = text.plist.xml; path = "StrategicalTests-Info.plist"; sourceTree = "<group>"; };
		9AB592B2142783FE000A391C /* en */ = {isa = PBXFileReference; lastKnownFileType = text.plist.strings; name = en; path = en.lproj/InfoPlist.strings; sourceTree = "<group>"; };
		9AB592B4142783FE000A391C /* StrategicalTests.h */ = {isa = PBXFileReference; lastKnownFileType = sourcecode.c.h; path = StrategicalTests.h; sourceTree = "<group>"; };
		9AB592B6142783FE000A391C /* StrategicalTests.m */ = {isa = PBXFileReference; lastKnownFileType = sourcecode.c.objc; path = StrategicalTests.m; sourceTree = "<group>"; };
		9AB592C0142785BC000A391C /* CalendarView.h */ = {isa = PBXFileReference; fileEncoding = 4; lastKnownFileType = sourcecode.c.h; path = CalendarView.h; sourceTree = "<group>"; };
		9AB592C1142785BC000A391C /* CalendarView.m */ = {isa = PBXFileReference; fileEncoding = 4; lastKnownFileType = sourcecode.c.objc; path = CalendarView.m; sourceTree = "<group>"; };
/* End PBXFileReference section */

/* Begin PBXFrameworksBuildPhase section */
		9AB59284142783FD000A391C /* Frameworks */ = {
			isa = PBXFrameworksBuildPhase;
			buildActionMask = 2147483647;
			files = (
				9AA16EA7142B4F6D002C9F27 /* QuartzCore.framework in Frameworks */,
				9AB5928C142783FD000A391C /* Cocoa.framework in Frameworks */,
			);
			runOnlyForDeploymentPostprocessing = 0;
		};
		9AB592A4142783FE000A391C /* Frameworks */ = {
			isa = PBXFrameworksBuildPhase;
			buildActionMask = 2147483647;
			files = (
				9AB592AA142783FE000A391C /* SenTestingKit.framework in Frameworks */,
				9AB592AB142783FE000A391C /* Cocoa.framework in Frameworks */,
			);
			runOnlyForDeploymentPostprocessing = 0;
		};
/* End PBXFrameworksBuildPhase section */

/* Begin PBXGroup section */
		9AB5927C142783FD000A391C = {
			isa = PBXGroup;
			children = (
				9AB59291142783FD000A391C /* Strategical */,
				9AB592AE142783FE000A391C /* StrategicalTests */,
				9AB5928A142783FD000A391C /* Frameworks */,
				9AB59288142783FD000A391C /* Products */,
			);
			sourceTree = "<group>";
		};
		9AB59288142783FD000A391C /* Products */ = {
			isa = PBXGroup;
			children = (
				9AB59287142783FD000A391C /* Strategical.app */,
				9AB592A8142783FE000A391C /* StrategicalTests.octest */,
			);
			name = Products;
			sourceTree = "<group>";
		};
		9AB5928A142783FD000A391C /* Frameworks */ = {
			isa = PBXGroup;
			children = (
				9AA16EA6142B4F6D002C9F27 /* QuartzCore.framework */,
				9AB5928B142783FD000A391C /* Cocoa.framework */,
				9AB592A9142783FE000A391C /* SenTestingKit.framework */,
				9AB5928D142783FD000A391C /* Other Frameworks */,
			);
			name = Frameworks;
			sourceTree = "<group>";
		};
		9AB5928D142783FD000A391C /* Other Frameworks */ = {
			isa = PBXGroup;
			children = (
				9AB5928E142783FD000A391C /* AppKit.framework */,
				9AB5928F142783FD000A391C /* CoreData.framework */,
				9AB59290142783FD000A391C /* Foundation.framework */,
			);
			name = "Other Frameworks";
			sourceTree = "<group>";
		};
		9AB59291142783FD000A391C /* Strategical */ = {
			isa = PBXGroup;
			children = (
				9AB5929D142783FD000A391C /* StrategicalAppDelegate.h */,
				9AB5929E142783FD000A391C /* StrategicalAppDelegate.m */,
				9AB592C0142785BC000A391C /* CalendarView.h */,
				9AB592C1142785BC000A391C /* CalendarView.m */,
				9AA16EA8142B53AE002C9F27 /* CGSPrivate.h */,
				9AB592A0142783FE000A391C /* MainMenu.xib */,
				9AB59292142783FD000A391C /* Supporting Files */,
			);
			path = Strategical;
			sourceTree = "<group>";
		};
		9AB59292142783FD000A391C /* Supporting Files */ = {
			isa = PBXGroup;
			children = (
				9AB59293142783FD000A391C /* Strategical-Info.plist */,
				9AB59294142783FD000A391C /* InfoPlist.strings */,
				9AB59297142783FD000A391C /* main.m */,
				9AB59299142783FD000A391C /* Strategical-Prefix.pch */,
				9AB5929A142783FD000A391C /* Credits.rtf */,
			);
			name = "Supporting Files";
			sourceTree = "<group>";
		};
		9AB592AE142783FE000A391C /* StrategicalTests */ = {
			isa = PBXGroup;
			children = (
				9AB592B4142783FE000A391C /* StrategicalTests.h */,
				9AB592B6142783FE000A391C /* StrategicalTests.m */,
				9AB592AF142783FE000A391C /* Supporting Files */,
			);
			path = StrategicalTests;
			sourceTree = "<group>";
		};
		9AB592AF142783FE000A391C /* Supporting Files */ = {
			isa = PBXGroup;
			children = (
				9AB592B0142783FE000A391C /* StrategicalTests-Info.plist */,
				9AB592B1142783FE000A391C /* InfoPlist.strings */,
			);
			name = "Supporting Files";
			sourceTree = "<group>";
		};
/* End PBXGroup section */

/* Begin PBXNativeTarget section */
		9AB59286142783FD000A391C /* Strategical */ = {
			isa = PBXNativeTarget;
			buildConfigurationList = 9AB592BA142783FE000A391C /* Build configuration list for PBXNativeTarget "Strategical" */;
			buildPhases = (
				9AB59283142783FD000A391C /* Sources */,
				9AB59284142783FD000A391C /* Frameworks */,
				9AB59285142783FD000A391C /* Resources */,
			);
			buildRules = (
			);
			dependencies = (
			);
			name = Strategical;
			productName = Strategical;
			productReference = 9AB59287142783FD000A391C /* Strategical.app */;
			productType = "com.apple.product-type.application";
		};
		9AB592A7142783FE000A391C /* StrategicalTests */ = {
			isa = PBXNativeTarget;
			buildConfigurationList = 9AB592BD142783FE000A391C /* Build configuration list for PBXNativeTarget "StrategicalTests" */;
			buildPhases = (
				9AB592A3142783FE000A391C /* Sources */,
				9AB592A4142783FE000A391C /* Frameworks */,
				9AB592A5142783FE000A391C /* Resources */,
				9AB592A6142783FE000A391C /* ShellScript */,
			);
			buildRules = (
			);
			dependencies = (
				9AB592AD142783FE000A391C /* PBXTargetDependency */,
			);
			name = StrategicalTests;
			productName = StrategicalTests;
			productReference = 9AB592A8142783FE000A391C /* StrategicalTests.octest */;
			productType = "com.apple.product-type.bundle";
		};
/* End PBXNativeTarget section */

/* Begin PBXProject section */
		9AB5927E142783FD000A391C /* Project object */ = {
			isa = PBXProject;
			attributes = {
				ORGANIZATIONNAME = Capasit;
			};
			buildConfigurationList = 9AB59281142783FD000A391C /* Build configuration list for PBXProject "Strategical" */;
			compatibilityVersion = "Xcode 3.2";
			developmentRegion = English;
			hasScannedForEncodings = 0;
			knownRegions = (
				en,
			);
			mainGroup = 9AB5927C142783FD000A391C;
			productRefGroup = 9AB59288142783FD000A391C /* Products */;
			projectDirPath = "";
			projectRoot = "";
			targets = (
				9AB59286142783FD000A391C /* Strategical */,
				9AB592A7142783FE000A391C /* StrategicalTests */,
			);
		};
/* End PBXProject section */

/* Begin PBXResourcesBuildPhase section */
		9AB59285142783FD000A391C /* Resources */ = {
			isa = PBXResourcesBuildPhase;
			buildActionMask = 2147483647;
			files = (
				9AB59296142783FD000A391C /* InfoPlist.strings in Resources */,
				9AB5929C142783FD000A391C /* Credits.rtf in Resources */,
				9AB592A2142783FE000A391C /* MainMenu.xib in Resources */,
			);
			runOnlyForDeploymentPostprocessing = 0;
		};
		9AB592A5142783FE000A391C /* Resources */ = {
			isa = PBXResourcesBuildPhase;
			buildActionMask = 2147483647;
			files = (
				9AB592B3142783FE000A391C /* InfoPlist.strings in Resources */,
				9AB592B5142783FE000A391C /* StrategicalTests.h in Resources */,
			);
			runOnlyForDeploymentPostprocessing = 0;
		};
/* End PBXResourcesBuildPhase section */

/* Begin PBXShellScriptBuildPhase section */
		9AB592A6142783FE000A391C /* ShellScript */ = {
			isa = PBXShellScriptBuildPhase;
			buildActionMask = 2147483647;
			files = (
			);
			inputPaths = (
			);
			outputPaths = (
			);
			runOnlyForDeploymentPostprocessing = 0;
			shellPath = /bin/sh;
			shellScript = "# Run the unit tests in this test bundle.\n\"${SYSTEM_DEVELOPER_DIR}/Tools/RunUnitTests\"\n";
		};
/* End PBXShellScriptBuildPhase section */

/* Begin PBXSourcesBuildPhase section */
		9AB59283142783FD000A391C /* Sources */ = {
			isa = PBXSourcesBuildPhase;
			buildActionMask = 2147483647;
			files = (
				9AB59298142783FD000A391C /* main.m in Sources */,
				9AB5929F142783FD000A391C /* StrategicalAppDelegate.m in Sources */,
				9AB592C2142785BC000A391C /* CalendarView.m in Sources */,
			);
			runOnlyForDeploymentPostprocessing = 0;
		};
		9AB592A3142783FE000A391C /* Sources */ = {
			isa = PBXSourcesBuildPhase;
			buildActionMask = 2147483647;
			files = (
				9AB592B7142783FE000A391C /* StrategicalTests.m in Sources */,
			);
			runOnlyForDeploymentPostprocessing = 0;
		};
/* End PBXSourcesBuildPhase section */

/* Begin PBXTargetDependency section */
		9AB592AD142783FE000A391C /* PBXTargetDependency */ = {
			isa = PBXTargetDependency;
			target = 9AB59286142783FD000A391C /* Strategical */;
			targetProxy = 9AB592AC142783FE000A391C /* PBXContainerItemProxy */;
		};
/* End PBXTargetDependency section */

/* Begin PBXVariantGroup section */
		9AB59294142783FD000A391C /* InfoPlist.strings */ = {
			isa = PBXVariantGroup;
			children = (
				9AB59295142783FD000A391C /* en */,
			);
			name = InfoPlist.strings;
			sourceTree = "<group>";
		};
		9AB5929A142783FD000A391C /* Credits.rtf */ = {
			isa = PBXVariantGroup;
			children = (
				9AB5929B142783FD000A391C /* en */,
			);
			name = Credits.rtf;
			sourceTree = "<group>";
		};
		9AB592A0142783FE000A391C /* MainMenu.xib */ = {
			isa = PBXVariantGroup;
			children = (
				9AB592A1142783FE000A391C /* en */,
			);
			name = MainMenu.xib;
			sourceTree = "<group>";
		};
		9AB592B1142783FE000A391C /* InfoPlist.strings */ = {
			isa = PBXVariantGroup;
			children = (
				9AB592B2142783FE000A391C /* en */,
			);
			name = InfoPlist.strings;
			sourceTree = "<group>";
		};
/* End PBXVariantGroup section */

/* Begin XCBuildConfiguration section */
		9AB592B8142783FE000A391C /* Debug */ = {
			isa = XCBuildConfiguration;
			buildSettings = {
				ALWAYS_SEARCH_USER_PATHS = NO;
				ARCHS = "$(ARCHS_STANDARD_32_64_BIT)";
				COPY_PHASE_STRIP = NO;
				GCC_C_LANGUAGE_STANDARD = gnu99;
				GCC_DYNAMIC_NO_PIC = NO;
				GCC_ENABLE_OBJC_EXCEPTIONS = YES;
				GCC_OPTIMIZATION_LEVEL = 0;
				GCC_PREPROCESSOR_DEFINITIONS = (
					"DEBUG=1",
					"$(inherited)",
				);
				GCC_SYMBOLS_PRIVATE_EXTERN = NO;
				GCC_VERSION = com.apple.compilers.llvm.clang.1_0;
				GCC_WARN_64_TO_32_BIT_CONVERSION = YES;
				GCC_WARN_ABOUT_MISSING_PROTOTYPES = YES;
				GCC_WARN_ABOUT_RETURN_TYPE = YES;
				GCC_WARN_UNUSED_VARIABLE = YES;
				MACOSX_DEPLOYMENT_TARGET = 10.7;
				ONLY_ACTIVE_ARCH = YES;
				SDKROOT = macosx;
			};
			name = Debug;
		};
		9AB592B9142783FE000A391C /* Release */ = {
			isa = XCBuildConfiguration;
			buildSettings = {
				ALWAYS_SEARCH_USER_PATHS = NO;
				ARCHS = "$(ARCHS_STANDARD_32_64_BIT)";
				COPY_PHASE_STRIP = YES;
				DEBUG_INFORMATION_FORMAT = "dwarf-with-dsym";
				GCC_C_LANGUAGE_STANDARD = gnu99;
				GCC_ENABLE_OBJC_EXCEPTIONS = YES;
				GCC_VERSION = com.apple.compilers.llvm.clang.1_0;
				GCC_WARN_64_TO_32_BIT_CONVERSION = YES;
				GCC_WARN_ABOUT_MISSING_PROTOTYPES = YES;
				GCC_WARN_ABOUT_RETURN_TYPE = YES;
				GCC_WARN_UNUSED_VARIABLE = YES;
				MACOSX_DEPLOYMENT_TARGET = 10.7;
				SDKROOT = macosx;
			};
			name = Release;
		};
		9AB592BB142783FE000A391C /* Debug */ = {
			isa = XCBuildConfiguration;
			buildSettings = {
				ARCHS = "$(ARCHS_STANDARD_32_64_BIT)";
				FRAMEWORK_SEARCH_PATHS = (
					"$(inherited)",
					"\"$(SRCROOT)\"",
				);
				GCC_PRECOMPILE_PREFIX_HEADER = YES;
				GCC_PREFIX_HEADER = "Strategical/Strategical-Prefix.pch";
				GCC_VERSION = com.apple.compilers.llvm.clang.1_0;
				INFOPLIST_FILE = "Strategical/Strategical-Info.plist";
				PRODUCT_NAME = "$(TARGET_NAME)";
				WRAPPER_EXTENSION = app;
			};
			name = Debug;
		};
		9AB592BC142783FE000A391C /* Release */ = {
			isa = XCBuildConfiguration;
			buildSettings = {
				ARCHS = "$(ARCHS_STANDARD_32_64_BIT)";
				FRAMEWORK_SEARCH_PATHS = (
					"$(inherited)",
					"\"$(SRCROOT)\"",
				);
				GCC_PRECOMPILE_PREFIX_HEADER = YES;
				GCC_PREFIX_HEADER = "Strategical/Strategical-Prefix.pch";
				GCC_VERSION = com.apple.compilers.llvm.clang.1_0;
				INFOPLIST_FILE = "Strategical/Strategical-Info.plist";
				PRODUCT_NAME = "$(TARGET_NAME)";
				WRAPPER_EXTENSION = app;
			};
			name = Release;
		};
		9AB592BE142783FE000A391C /* Debug */ = {
			isa = XCBuildConfiguration;
			buildSettings = {
				BUNDLE_LOADER = "$(BUILT_PRODUCTS_DIR)/Strategical.app/Contents/MacOS/Strategical";
				FRAMEWORK_SEARCH_PATHS = "$(DEVELOPER_LIBRARY_DIR)/Frameworks";
				GCC_PRECOMPILE_PREFIX_HEADER = YES;
				GCC_PREFIX_HEADER = "Strategical/Strategical-Prefix.pch";
				INFOPLIST_FILE = "StrategicalTests/StrategicalTests-Info.plist";
				PRODUCT_NAME = "$(TARGET_NAME)";
				TEST_HOST = "$(BUNDLE_LOADER)";
				WRAPPER_EXTENSION = octest;
			};
			name = Debug;
		};
		9AB592BF142783FE000A391C /* Release */ = {
			isa = XCBuildConfiguration;
			buildSettings = {
				BUNDLE_LOADER = "$(BUILT_PRODUCTS_DIR)/Strategical.app/Contents/MacOS/Strategical";
				FRAMEWORK_SEARCH_PATHS = "$(DEVELOPER_LIBRARY_DIR)/Frameworks";
				GCC_PRECOMPILE_PREFIX_HEADER = YES;
				GCC_PREFIX_HEADER = "Strategical/Strategical-Prefix.pch";
				INFOPLIST_FILE = "StrategicalTests/StrategicalTests-Info.plist";
				PRODUCT_NAME = "$(TARGET_NAME)";
				TEST_HOST = "$(BUNDLE_LOADER)";
				WRAPPER_EXTENSION = octest;
			};
			name = Release;
		};
/* End XCBuildConfiguration section */

/* Begin XCConfigurationList section */
		9AB59281142783FD000A391C /* Build configuration list for PBXProject "Strategical" */ = {
			isa = XCConfigurationList;
			buildConfigurations = (
				9AB592B8142783FE000A391C /* Debug */,
				9AB592B9142783FE000A391C /* Release */,
			);
			defaultConfigurationIsVisible = 0;
			defaultConfigurationName = Release;
		};
		9AB592BA142783FE000A391C /* Build configuration list for PBXNativeTarget "Strategical" */ = {
			isa = XCConfigurationList;
			buildConfigurations = (
				9AB592BB142783FE000A391C /* Debug */,
				9AB592BC142783FE000A391C /* Release */,
			);
			defaultConfigurationIsVisible = 0;
			defaultConfigurationName = Release;
		};
		9AB592BD142783FE000A391C /* Build configuration list for PBXNativeTarget "StrategicalTests" */ = {
			isa = XCConfigurationList;
			buildConfigurations = (
				9AB592BE142783FE000A391C /* Debug */,
				9AB592BF142783FE000A391C /* Release */,
			);
			defaultConfigurationIsVisible = 0;
			defaultConfigurationName = Release;
		};
/* End XCConfigurationList section */
	};
	rootObject = 9AB5927E142783FD000A391C /* Project object */;
}
